
Microsoft Visual Studio Solution File, Format Version 12.00
# Visual Studio Version 17
VisualStudioVersion = 17.7.34024.191
MinimumVisualStudioVersion = 10.0.40219.1
Project("{FAE04EC0-301F-11D3-BF4B-00C04F79EFBC}") = "4.1 Задание 1)", "4.1 Задание 1)\4.1 Задание 1).csproj", "{01B566EE-9833-47CD-84A4-DB18DD9D987B}"
EndProject
Global
	GlobalSection(SolutionConfigurationPlatforms) = preSolution
		Debug|Any CPU = Debug|Any CPU
		Release|Any CPU = Release|Any CPU
	EndGlobalSection
	GlobalSection(ProjectConfigurationPlatforms) = postSolution
		{01B566EE-9833-47CD-84A4-DB18DD9D987B}.Debug|Any CPU.ActiveCfg = Debug|Any CPU
		{01B566EE-9833-47CD-84A4-DB18DD9D987B}.Debug|Any CPU.Build.0 = Debug|Any CPU
		{01B566EE-9833-47CD-84A4-DB18DD9D987B}.Release|Any CPU.ActiveCfg = Release|Any CPU
		{01B566EE-9833-47CD-84A4-DB18DD9D987B}.Release|Any CPU.Build.0 = Release|Any CPU
	EndGlobalSection
	GlobalSection(SolutionProperties) = preSolution
		HideSolutionNode = FALSE
	EndGlobalSection
	GlobalSection(ExtensibilityGlobals) = postSolution
		SolutionGuid = {40EACCBD-0F9C-47BE-B4B8-9D31C8B64706}
	EndGlobalSection
EndGlobal
